
Microsoft Visual Studio Solution File, Format Version 12.00
Project("{FAE04EC0-301F-11D3-BF4B-00C04F79EFBC}") = "OnlineMusicLibrary", "OnlineMusicLibrary\OnlineMusicLibrary.csproj", "{37DFE9D6-0500-44AD-8A32-F5EDF63F4141}"
EndProject
Global
	GlobalSection(SolutionConfigurationPlatforms) = preSolution
		Debug|Any CPU = Debug|Any CPU
		Release|Any CPU = Release|Any CPU
	EndGlobalSection
	GlobalSection(ProjectConfigurationPlatforms) = postSolution
		{37DFE9D6-0500-44AD-8A32-F5EDF63F4141}.Debug|Any CPU.ActiveCfg = Debug|Any CPU
		{37DFE9D6-0500-44AD-8A32-F5EDF63F4141}.Debug|Any CPU.Build.0 = Debug|Any CPU
		{37DFE9D6-0500-44AD-8A32-F5EDF63F4141}.Release|Any CPU.ActiveCfg = Release|Any CPU
		{37DFE9D6-0500-44AD-8A32-F5EDF63F4141}.Release|Any CPU.Build.0 = Release|Any CPU
	EndGlobalSection
EndGlobal
